// !$*UTF8*$!
{
	archiveVersion = 1;
	classes = {
	};
	objectVersion = 46;
	objects = {

/* Begin PBXBuildFile section */
		B605BB411A202AC5002EC5E0 /* Main.storyboard in Resources */ = {isa = PBXBuildFile; fileRef = B605BB401A202AC5002EC5E0 /* Main.storyboard */; };
		B605BB431A202AD3002EC5E0 /* Main4.storyboard in Resources */ = {isa = PBXBuildFile; fileRef = B605BB421A202AD3002EC5E0 /* Main4.storyboard */; };
		B64DA0051A05EBF7006CE056 /* gameclear.png in Resources */ = {isa = PBXBuildFile; fileRef = B64DA0041A05EBF7006CE056 /* gameclear.png */; };
		B64DA0091A05FE89006CE056 /* gameover.png in Resources */ = {isa = PBXBuildFile; fileRef = B64DA0081A05FE89006CE056 /* gameover.png */; };
		B663FE581A207D2700148F70 /* icon120.png in Resources */ = {isa = PBXBuildFile; fileRef = B663FE571A207D2700148F70 /* icon120.png */; };
		B663FE5A1A207EE400148F70 /* Default-568h@2x.png in Resources */ = {isa = PBXBuildFile; fileRef = B663FE591A207EE400148F70 /* Default-568h@2x.png */; };
		B663FE5E1A216B6800148F70 /* ipad.storyboard in Resources */ = {isa = PBXBuildFile; fileRef = B663FE5D1A216B6800148F70 /* ipad.storyboard */; };
		B6A877FE19E3D978009579A0 /* Foundation.framework in Frameworks */ = {isa = PBXBuildFile; fileRef = B6A877FD19E3D978009579A0 /* Foundation.framework */; };
		B6A8780019E3D978009579A0 /* CoreGraphics.framework in Frameworks */ = {isa = PBXBuildFile; fileRef = B6A877FF19E3D978009579A0 /* CoreGraphics.framework */; };
		B6A8780219E3D978009579A0 /* UIKit.framework in Frameworks */ = {isa = PBXBuildFile; fileRef = B6A8780119E3D978009579A0 /* UIKit.framework */; };
		B6A8780819E3D978009579A0 /* InfoPlist.strings in Resources */ = {isa = PBXBuildFile; fileRef = B6A8780619E3D978009579A0 /* InfoPlist.strings */; };
		B6A8780A19E3D978009579A0 /* main.m in Sources */ = {isa = PBXBuildFile; fileRef = B6A8780919E3D978009579A0 /* main.m */; };
		B6A8780E19E3D978009579A0 /* AppDelegate.m in Sources */ = {isa = PBXBuildFile; fileRef = B6A8780D19E3D978009579A0 /* AppDelegate.m */; };
		B6A8781419E3D978009579A0 /* ViewController.m in Sources */ = {isa = PBXBuildFile; fileRef = B6A8781319E3D978009579A0 /* ViewController.m */; };
		B6A8781D19E3D978009579A0 /* XCTest.framework in Frameworks */ = {isa = PBXBuildFile; fileRef = B6A8781C19E3D978009579A0 /* XCTest.framework */; };
		B6A8781E19E3D978009579A0 /* Foundation.framework in Frameworks */ = {isa = PBXBuildFile; fileRef = B6A877FD19E3D978009579A0 /* Foundation.framework */; };
		B6A8781F19E3D978009579A0 /* UIKit.framework in Frameworks */ = {isa = PBXBuildFile; fileRef = B6A8780119E3D978009579A0 /* UIKit.framework */; };
		B6A8782719E3D978009579A0 /* InfoPlist.strings in Resources */ = {isa = PBXBuildFile; fileRef = B6A8782519E3D978009579A0 /* InfoPlist.strings */; };
		B6A8782919E3D978009579A0 /* MarbletimeTests.m in Sources */ = {isa = PBXBuildFile; fileRef = B6A8782819E3D978009579A0 /* MarbletimeTests.m */; };
		B6A8783719E3DBE1009579A0 /* PlayGameViewController.m in Sources */ = {isa = PBXBuildFile; fileRef = B6A8783619E3DBE1009579A0 /* PlayGameViewController.m */; };
		B6A8783919E3DCDF009579A0 /* AVFoundation.framework in Frameworks */ = {isa = PBXBuildFile; fileRef = B6A8783819E3DCDF009579A0 /* AVFoundation.framework */; };
		B6AF9EFA1A738860008F4BCD /* SpriteKit.framework in Frameworks */ = {isa = PBXBuildFile; fileRef = B6AF9EF91A738860008F4BCD /* SpriteKit.framework */; };
		B6AF9EFC1A73887D008F4BCD /* Social.framework in Frameworks */ = {isa = PBXBuildFile; fileRef = B6AF9EFB1A73887D008F4BCD /* Social.framework */; };
		B6AF9EFE1A7388AB008F4BCD /* CoreMotion.framework in Frameworks */ = {isa = PBXBuildFile; fileRef = B6AF9EFD1A7388AB008F4BCD /* CoreMotion.framework */; };
		B6AF9F001A738905008F4BCD /* AudioToolbox.framework in Frameworks */ = {isa = PBXBuildFile; fileRef = B6AF9EFF1A738905008F4BCD /* AudioToolbox.framework */; };
		B6AF9F021A738922008F4BCD /* SystemConfiguration.framework in Frameworks */ = {isa = PBXBuildFile; fileRef = B6AF9F011A738922008F4BCD /* SystemConfiguration.framework */; };
		B6AF9F041A73893A008F4BCD /* MessageUI.framework in Frameworks */ = {isa = PBXBuildFile; fileRef = B6AF9F031A73893A008F4BCD /* MessageUI.framework */; };
		B6B9609A1A454F88007B98C5 /* GameFeatKit.framework in Frameworks */ = {isa = PBXBuildFile; fileRef = B6B960991A454F88007B98C5 /* GameFeatKit.framework */; };
		B6B960A01A45507D007B98C5 /* CHANGELOG.md in Sources */ = {isa = PBXBuildFile; fileRef = B6B9609C1A45507D007B98C5 /* CHANGELOG.md */; };
		B6B960A11A45507D007B98C5 /* JSONKit.m in Sources */ = {isa = PBXBuildFile; fileRef = B6B9609E1A45507D007B98C5 /* JSONKit.m */; settings = {COMPILER_FLAGS = "-fno-objc-arc"; }; };
		B6B960A21A45507D007B98C5 /* README.md in Sources */ = {isa = PBXBuildFile; fileRef = B6B9609F1A45507D007B98C5 /* README.md */; };
		B6B960A71A455AEB007B98C5 /* StoreKit.framework in Frameworks */ = {isa = PBXBuildFile; fileRef = B6B960A31A455843007B98C5 /* StoreKit.framework */; settings = {ATTRIBUTES = (Weak, ); }; };
		B6B960A91A455AFA007B98C5 /* AdSupport.framework in Frameworks */ = {isa = PBXBuildFile; fileRef = B6B960A81A455AFA007B98C5 /* AdSupport.framework */; settings = {ATTRIBUTES = (Weak, ); }; };
		B6B960AA1A455B08007B98C5 /* CoreTelephony.framework in Frameworks */ = {isa = PBXBuildFile; fileRef = B6B960A51A455897007B98C5 /* CoreTelephony.framework */; };
		B6BADD6219ED04A1007447E8 /* audio.mp3 in Resources */ = {isa = PBXBuildFile; fileRef = B6BADD6119ED04A1007447E8 /* audio.mp3 */; };
		B6BADD6419ED04B3007447E8 /* ball.png in Resources */ = {isa = PBXBuildFile; fileRef = B6BADD6319ED04B3007447E8 /* ball.png */; };
		B6BADD6619ED04CA007447E8 /* bidama.mp3 in Resources */ = {isa = PBXBuildFile; fileRef = B6BADD6519ED04CA007447E8 /* bidama.mp3 */; };
		B6BADD7719ED04E9007447E8 /* desk.jpg in Resources */ = {isa = PBXBuildFile; fileRef = B6BADD6719ED04E9007447E8 /* desk.jpg */; };
		B6BADD7819ED04E9007447E8 /* green_ball.png in Resources */ = {isa = PBXBuildFile; fileRef = B6BADD6819ED04E9007447E8 /* green_ball.png */; };
		B6BADD7A19ED04E9007447E8 /* Level1.png in Resources */ = {isa = PBXBuildFile; fileRef = B6BADD6A19ED04E9007447E8 /* Level1.png */; };
		B6BADD7B19ED04E9007447E8 /* Level2.png in Resources */ = {isa = PBXBuildFile; fileRef = B6BADD6B19ED04E9007447E8 /* Level2.png */; };
		B6BADD7C19ED04E9007447E8 /* Level3.png in Resources */ = {isa = PBXBuildFile; fileRef = B6BADD6C19ED04E9007447E8 /* Level3.png */; };
		B6BADD7D19ED04E9007447E8 /* Level4.png in Resources */ = {isa = PBXBuildFile; fileRef = B6BADD6D19ED04E9007447E8 /* Level4.png */; };
		B6BADD7E19ED04E9007447E8 /* Level5.png in Resources */ = {isa = PBXBuildFile; fileRef = B6BADD6E19ED04E9007447E8 /* Level5.png */; };
		B6BADD7F19ED04E9007447E8 /* Level6.png in Resources */ = {isa = PBXBuildFile; fileRef = B6BADD6F19ED04E9007447E8 /* Level6.png */; };
		B6BADD8019ED04E9007447E8 /* Level7.png in Resources */ = {isa = PBXBuildFile; fileRef = B6BADD7019ED04E9007447E8 /* Level7.png */; };
		B6BADD8119ED04E9007447E8 /* Level8.png in Resources */ = {isa = PBXBuildFile; fileRef = B6BADD7119ED04E9007447E8 /* Level8.png */; };
		B6BADD8219ED04E9007447E8 /* Level9.png in Resources */ = {isa = PBXBuildFile; fileRef = B6BADD7219ED04E9007447E8 /* Level9.png */; };
		B6BADD8319ED04E9007447E8 /* main_bidama.png in Resources */ = {isa = PBXBuildFile; fileRef = B6BADD7319ED04E9007447E8 /* main_bidama.png */; };
		B6BADD8419ED04E9007447E8 /* top.png in Resources */ = {isa = PBXBuildFile; fileRef = B6BADD7419ED04E9007447E8 /* top.png */; };
		B6BADD9719ED4117007447E8 /* house.png in Resources */ = {isa = PBXBuildFile; fileRef = B6BADD9319ED4117007447E8 /* house.png */; };
		B6BADD9919ED4117007447E8 /* risuta-to.png in Resources */ = {isa = PBXBuildFile; fileRef = B6BADD9519ED4117007447E8 /* risuta-to.png */; };
		B6BADD9A19ED4117007447E8 /* saikaiii.png in Resources */ = {isa = PBXBuildFile; fileRef = B6BADD9619ED4117007447E8 /* saikaiii.png */; };
		B6BADD9E19ED6E36007447E8 /* specials.jpg in Resources */ = {isa = PBXBuildFile; fileRef = B6BADD9D19ED6E36007447E8 /* specials.jpg */; };
		B6BADDA119EEA593007447E8 /* Game Over.mp3 in Resources */ = {isa = PBXBuildFile; fileRef = B6BADD9F19EEA593007447E8 /* Game Over.mp3 */; };
		B6BADDA219EEA593007447E8 /* クリア.mp3 in Resources */ = {isa = PBXBuildFile; fileRef = B6BADDA019EEA593007447E8 /* クリア.mp3 */; };
		B6C7ABB61A56C0A2009CF339 /* gamefeat_bg_loading.png in Resources */ = {isa = PBXBuildFile; fileRef = B6C7ABA71A56C0A2009CF339 /* gamefeat_bg_loading.png */; };
		B6C7ABB71A56C0A2009CF339 /* gamefeat_btn_back.png in Resources */ = {isa = PBXBuildFile; fileRef = B6C7ABA81A56C0A2009CF339 /* gamefeat_btn_back.png */; };
		B6C7ABB81A56C0A2009CF339 /* gamefeat_btn_cancel.png in Resources */ = {isa = PBXBuildFile; fileRef = B6C7ABA91A56C0A2009CF339 /* gamefeat_btn_cancel.png */; };
		B6C7ABB91A56C0A2009CF339 /* gamefeat_btn_download.png in Resources */ = {isa = PBXBuildFile; fileRef = B6C7ABAA1A56C0A2009CF339 /* gamefeat_btn_download.png */; };
		B6C7ABBA1A56C0A2009CF339 /* gamefeat_btn_review.png in Resources */ = {isa = PBXBuildFile; fileRef = B6C7ABAB1A56C0A2009CF339 /* gamefeat_btn_review.png */; };
		B6C7ABBB1A56C0A2009CF339 /* gamefeat_btn_update.png in Resources */ = {isa = PBXBuildFile; fileRef = B6C7ABAC1A56C0A2009CF339 /* gamefeat_btn_update.png */; };
		B6C7ABBC1A56C0A2009CF339 /* gamefeat_error.html in Resources */ = {isa = PBXBuildFile; fileRef = B6C7ABAD1A56C0A2009CF339 /* gamefeat_error.html */; };
		B6C7ABBD1A56C0A2009CF339 /* gamefeat_icon_error.png in Resources */ = {isa = PBXBuildFile; fileRef = B6C7ABAE1A56C0A2009CF339 /* gamefeat_icon_error.png */; };
		B6C7ABBE1A56C0A2009CF339 /* gamefeat_popup_bg.png in Resources */ = {isa = PBXBuildFile; fileRef = B6C7ABAF1A56C0A2009CF339 /* gamefeat_popup_bg.png */; };
		B6C7ABBF1A56C0A2009CF339 /* gamefeat_popup_bg_land.png in Resources */ = {isa = PBXBuildFile; fileRef = B6C7ABB01A56C0A2009CF339 /* gamefeat_popup_bg_land.png */; };
		B6C7ABC01A56C0A2009CF339 /* gamefeat_popup_close.png in Resources */ = {isa = PBXBuildFile; fileRef = B6C7ABB11A56C0A2009CF339 /* gamefeat_popup_close.png */; };
		B6C7ABC11A56C0A2009CF339 /* gamefeat_popup_close_land.png in Resources */ = {isa = PBXBuildFile; fileRef = B6C7ABB21A56C0A2009CF339 /* gamefeat_popup_close_land.png */; };
		B6C7ABC21A56C0A2009CF339 /* gamefeat_popup_dl.png in Resources */ = {isa = PBXBuildFile; fileRef = B6C7ABB31A56C0A2009CF339 /* gamefeat_popup_dl.png */; };
		B6C7ABC31A56C0A2009CF339 /* gamefeat_popup_dl_land.png in Resources */ = {isa = PBXBuildFile; fileRef = B6C7ABB41A56C0A2009CF339 /* gamefeat_popup_dl_land.png */; };
		B6C7ABC41A56C0A2009CF339 /* gamefeat_style.css in Resources */ = {isa = PBXBuildFile; fileRef = B6C7ABB51A56C0A2009CF339 /* gamefeat_style.css */; };
		B6C7ABC71A581214009CF339 /* Marbletime.xcscheme in Resources */ = {isa = PBXBuildFile; fileRef = B6C7ABC51A581214009CF339 /* Marbletime.xcscheme */; };
		B6C7ABC81A581214009CF339 /* project.pbxproj in Resources */ = {isa = PBXBuildFile; fileRef = B6C7ABC61A581214009CF339 /* project.pbxproj */; };
		D73405859EEF6ACF569E0B5A /* libPods.a in Frameworks */ = {isa = PBXBuildFile; fileRef = 5AFE942A3694687DBC11CCE6 /* libPods.a */; };
/* End PBXBuildFile section */

/* Begin PBXContainerItemProxy section */
		B6A8782019E3D978009579A0 /* PBXContainerItemProxy */ = {
			isa = PBXContainerItemProxy;
			containerPortal = B6A877F219E3D978009579A0 /* Project object */;
			proxyType = 1;
			remoteGlobalIDString = B6A877F919E3D978009579A0;
			remoteInfo = Marbletime;
		};
/* End PBXContainerItemProxy section */

/* Begin PBXFileReference section */
		5AFE942A3694687DBC11CCE6 /* libPods.a */ = {isa = PBXFileReference; explicitFileType = archive.ar; includeInIndex = 0; path = libPods.a; sourceTree = BUILT_PRODUCTS_DIR; };
		89E51E934EEBDD144FDF315D /* Pods.release.xcconfig */ = {isa = PBXFileReference; includeInIndex = 1; lastKnownFileType = text.xcconfig; name = Pods.release.xcconfig; path = "Pods/Target Support Files/Pods/Pods.release.xcconfig"; sourceTree = "<group>"; };
		B605BB381A2028FC002EC5E0 /* Images.xcassets */ = {isa = PBXFileReference; lastKnownFileType = folder.assetcatalog; path = Images.xcassets; sourceTree = "<group>"; };
		B605BB401A202AC5002EC5E0 /* Main.storyboard */ = {isa = PBXFileReference; fileEncoding = 4; lastKnownFileType = file.storyboard; path = Main.storyboard; sourceTree = "<group>"; };
		B605BB421A202AD3002EC5E0 /* Main4.storyboard */ = {isa = PBXFileReference; fileEncoding = 4; lastKnownFileType = file.storyboard; path = Main4.storyboard; sourceTree = "<group>"; };
		B64DA0041A05EBF7006CE056 /* gameclear.png */ = {isa = PBXFileReference; lastKnownFileType = image.png; path = gameclear.png; sourceTree = "<group>"; };
		B64DA0081A05FE89006CE056 /* gameover.png */ = {isa = PBXFileReference; lastKnownFileType = image.png; path = gameover.png; sourceTree = "<group>"; };
		B663FE571A207D2700148F70 /* icon120.png */ = {isa = PBXFileReference; lastKnownFileType = image.png; path = icon120.png; sourceTree = "<group>"; };
		B663FE591A207EE400148F70 /* Default-568h@2x.png */ = {isa = PBXFileReference; lastKnownFileType = image.png; path = "Default-568h@2x.png"; sourceTree = "<group>"; };
		B663FE5D1A216B6800148F70 /* ipad.storyboard */ = {isa = PBXFileReference; fileEncoding = 4; lastKnownFileType = file.storyboard; path = ipad.storyboard; sourceTree = "<group>"; };
		B6A877FA19E3D978009579A0 /* Marbletime.app */ = {isa = PBXFileReference; explicitFileType = wrapper.application; includeInIndex = 0; path = Marbletime.app; sourceTree = BUILT_PRODUCTS_DIR; };
		B6A877FD19E3D978009579A0 /* Foundation.framework */ = {isa = PBXFileReference; lastKnownFileType = wrapper.framework; name = Foundation.framework; path = System/Library/Frameworks/Foundation.framework; sourceTree = SDKROOT; };
		B6A877FF19E3D978009579A0 /* CoreGraphics.framework */ = {isa = PBXFileReference; lastKnownFileType = wrapper.framework; name = CoreGraphics.framework; path = System/Library/Frameworks/CoreGraphics.framework; sourceTree = SDKROOT; };
		B6A8780119E3D978009579A0 /* UIKit.framework */ = {isa = PBXFileReference; lastKnownFileType = wrapper.framework; name = UIKit.framework; path = System/Library/Frameworks/UIKit.framework; sourceTree = SDKROOT; };
		B6A8780519E3D978009579A0 /* Marbletime-Info.plist */ = {isa = PBXFileReference; lastKnownFileType = text.plist.xml; path = "Marbletime-Info.plist"; sourceTree = "<group>"; };
		B6A8780719E3D978009579A0 /* en */ = {isa = PBXFileReference; lastKnownFileType = text.plist.strings; name = en; path = en.lproj/InfoPlist.strings; sourceTree = "<group>"; };
		B6A8780919E3D978009579A0 /* main.m */ = {isa = PBXFileReference; lastKnownFileType = sourcecode.c.objc; path = main.m; sourceTree = "<group>"; };
		B6A8780B19E3D978009579A0 /* Marbletime-Prefix.pch */ = {isa = PBXFileReference; lastKnownFileType = sourcecode.c.h; path = "Marbletime-Prefix.pch"; sourceTree = "<group>"; };
		B6A8780C19E3D978009579A0 /* AppDelegate.h */ = {isa = PBXFileReference; lastKnownFileType = sourcecode.c.h; path = AppDelegate.h; sourceTree = "<group>"; };
		B6A8780D19E3D978009579A0 /* AppDelegate.m */ = {isa = PBXFileReference; lastKnownFileType = sourcecode.c.objc; path = AppDelegate.m; sourceTree = "<group>"; };
		B6A8781219E3D978009579A0 /* ViewController.h */ = {isa = PBXFileReference; lastKnownFileType = sourcecode.c.h; path = ViewController.h; sourceTree = "<group>"; };
		B6A8781319E3D978009579A0 /* ViewController.m */ = {isa = PBXFileReference; lastKnownFileType = sourcecode.c.objc; path = ViewController.m; sourceTree = "<group>"; };
		B6A8781B19E3D978009579A0 /* MarbletimeTests.xctest */ = {isa = PBXFileReference; explicitFileType = wrapper.cfbundle; includeInIndex = 0; path = MarbletimeTests.xctest; sourceTree = BUILT_PRODUCTS_DIR; };
		B6A8781C19E3D978009579A0 /* XCTest.framework */ = {isa = PBXFileReference; lastKnownFileType = wrapper.framework; name = XCTest.framework; path = Library/Frameworks/XCTest.framework; sourceTree = DEVELOPER_DIR; };
		B6A8782419E3D978009579A0 /* MarbletimeTests-Info.plist */ = {isa = PBXFileReference; lastKnownFileType = text.plist.xml; path = "MarbletimeTests-Info.plist"; sourceTree = "<group>"; };
		B6A8782619E3D978009579A0 /* en */ = {isa = PBXFileReference; lastKnownFileType = text.plist.strings; name = en; path = en.lproj/InfoPlist.strings; sourceTree = "<group>"; };
		B6A8782819E3D978009579A0 /* MarbletimeTests.m */ = {isa = PBXFileReference; lastKnownFileType = sourcecode.c.objc; path = MarbletimeTests.m; sourceTree = "<group>"; };
		B6A8783519E3DBE1009579A0 /* PlayGameViewController.h */ = {isa = PBXFileReference; fileEncoding = 4; lastKnownFileType = sourcecode.c.h; path = PlayGameViewController.h; sourceTree = "<group>"; };
		B6A8783619E3DBE1009579A0 /* PlayGameViewController.m */ = {isa = PBXFileReference; fileEncoding = 4; lastKnownFileType = sourcecode.c.objc; path = PlayGameViewController.m; sourceTree = "<group>"; };
		B6A8783819E3DCDF009579A0 /* AVFoundation.framework */ = {isa = PBXFileReference; lastKnownFileType = wrapper.framework; name = AVFoundation.framework; path = System/Library/Frameworks/AVFoundation.framework; sourceTree = SDKROOT; };
		B6AF9EF91A738860008F4BCD /* SpriteKit.framework */ = {isa = PBXFileReference; lastKnownFileType = wrapper.framework; name = SpriteKit.framework; path = System/Library/Frameworks/SpriteKit.framework; sourceTree = SDKROOT; };
		B6AF9EFB1A73887D008F4BCD /* Social.framework */ = {isa = PBXFileReference; lastKnownFileType = wrapper.framework; name = Social.framework; path = System/Library/Frameworks/Social.framework; sourceTree = SDKROOT; };
		B6AF9EFD1A7388AB008F4BCD /* CoreMotion.framework */ = {isa = PBXFileReference; lastKnownFileType = wrapper.framework; name = CoreMotion.framework; path = System/Library/Frameworks/CoreMotion.framework; sourceTree = SDKROOT; };
		B6AF9EFF1A738905008F4BCD /* AudioToolbox.framework */ = {isa = PBXFileReference; lastKnownFileType = wrapper.framework; name = AudioToolbox.framework; path = System/Library/Frameworks/AudioToolbox.framework; sourceTree = SDKROOT; };
		B6AF9F011A738922008F4BCD /* SystemConfiguration.framework */ = {isa = PBXFileReference; lastKnownFileType = wrapper.framework; name = SystemConfiguration.framework; path = System/Library/Frameworks/SystemConfiguration.framework; sourceTree = SDKROOT; };
		B6AF9F031A73893A008F4BCD /* MessageUI.framework */ = {isa = PBXFileReference; lastKnownFileType = wrapper.framework; name = MessageUI.framework; path = System/Library/Frameworks/MessageUI.framework; sourceTree = SDKROOT; };
		B6B960991A454F88007B98C5 /* GameFeatKit.framework */ = {isa = PBXFileReference; lastKnownFileType = wrapper.framework; path = GameFeatKit.framework; sourceTree = "<group>"; };
		B6B9609C1A45507D007B98C5 /* CHANGELOG.md */ = {isa = PBXFileReference; fileEncoding = 4; lastKnownFileType = net.daringfireball.markdown; path = CHANGELOG.md; sourceTree = "<group>"; };
		B6B9609D1A45507D007B98C5 /* JSONKit.h */ = {isa = PBXFileReference; fileEncoding = 4; lastKnownFileType = sourcecode.c.h; path = JSONKit.h; sourceTree = "<group>"; };
		B6B9609E1A45507D007B98C5 /* JSONKit.m */ = {isa = PBXFileReference; fileEncoding = 4; lastKnownFileType = sourcecode.c.objc; path = JSONKit.m; sourceTree = "<group>"; };
		B6B9609F1A45507D007B98C5 /* README.md */ = {isa = PBXFileReference; fileEncoding = 4; lastKnownFileType = net.daringfireball.markdown; path = README.md; sourceTree = "<group>"; };
		B6B960A31A455843007B98C5 /* StoreKit.framework */ = {isa = PBXFileReference; lastKnownFileType = wrapper.framework; name = StoreKit.framework; path = System/Library/Frameworks/StoreKit.framework; sourceTree = SDKROOT; };
		B6B960A51A455897007B98C5 /* CoreTelephony.framework */ = {isa = PBXFileReference; lastKnownFileType = wrapper.framework; name = CoreTelephony.framework; path = System/Library/Frameworks/CoreTelephony.framework; sourceTree = SDKROOT; };
		B6B960A81A455AFA007B98C5 /* AdSupport.framework */ = {isa = PBXFileReference; lastKnownFileType = wrapper.framework; name = AdSupport.framework; path = System/Library/Frameworks/AdSupport.framework; sourceTree = SDKROOT; };
		B6BADD6119ED04A1007447E8 /* audio.mp3 */ = {isa = PBXFileReference; lastKnownFileType = audio.mp3; path = audio.mp3; sourceTree = "<group>"; };
		B6BADD6319ED04B3007447E8 /* ball.png */ = {isa = PBXFileReference; lastKnownFileType = image.png; path = ball.png; sourceTree = "<group>"; };
		B6BADD6519ED04CA007447E8 /* bidama.mp3 */ = {isa = PBXFileReference; lastKnownFileType = audio.mp3; path = bidama.mp3; sourceTree = "<group>"; };
		B6BADD6719ED04E9007447E8 /* desk.jpg */ = {isa = PBXFileReference; lastKnownFileType = image.jpeg; path = desk.jpg; sourceTree = "<group>"; };
		B6BADD6819ED04E9007447E8 /* green_ball.png */ = {isa = PBXFileReference; lastKnownFileType = image.png; path = green_ball.png; sourceTree = "<group>"; };
		B6BADD6A19ED04E9007447E8 /* Level1.png */ = {isa = PBXFileReference; lastKnownFileType = image.png; path = Level1.png; sourceTree = "<group>"; };
		B6BADD6B19ED04E9007447E8 /* Level2.png */ = {isa = PBXFileReference; lastKnownFileType = image.png; path = Level2.png; sourceTree = "<group>"; };
		B6BADD6C19ED04E9007447E8 /* Level3.png */ = {isa = PBXFileReference; lastKnownFileType = image.png; path = Level3.png; sourceTree = "<group>"; };
		B6BADD6D19ED04E9007447E8 /* Level4.png */ = {isa = PBXFileReference; lastKnownFileType = image.png; path = Level4.png; sourceTree = "<group>"; };
		B6BADD6E19ED04E9007447E8 /* Level5.png */ = {isa = PBXFileReference; lastKnownFileType = image.png; path = Level5.png; sourceTree = "<group>"; };
		B6BADD6F19ED04E9007447E8 /* Level6.png */ = {isa = PBXFileReference; lastKnownFileType = image.png; path = Level6.png; sourceTree = "<group>"; };
		B6BADD7019ED04E9007447E8 /* Level7.png */ = {isa = PBXFileReference; lastKnownFileType = image.png; path = Level7.png; sourceTree = "<group>"; };
		B6BADD7119ED04E9007447E8 /* Level8.png */ = {isa = PBXFileReference; lastKnownFileType = image.png; path = Level8.png; sourceTree = "<group>"; };
		B6BADD7219ED04E9007447E8 /* Level9.png */ = {isa = PBXFileReference; lastKnownFileType = image.png; path = Level9.png; sourceTree = "<group>"; };
		B6BADD7319ED04E9007447E8 /* main_bidama.png */ = {isa = PBXFileReference; lastKnownFileType = image.png; path = main_bidama.png; sourceTree = "<group>"; };
		B6BADD7419ED04E9007447E8 /* top.png */ = {isa = PBXFileReference; lastKnownFileType = image.png; path = top.png; sourceTree = "<group>"; };
		B6BADD9319ED4117007447E8 /* house.png */ = {isa = PBXFileReference; lastKnownFileType = image.png; path = house.png; sourceTree = "<group>"; };
		B6BADD9419ED4117007447E8 /* icon.png */ = {isa = PBXFileReference; lastKnownFileType = image.png; path = icon.png; sourceTree = "<group>"; };
		B6BADD9519ED4117007447E8 /* risuta-to.png */ = {isa = PBXFileReference; lastKnownFileType = image.png; path = "risuta-to.png"; sourceTree = "<group>"; };
		B6BADD9619ED4117007447E8 /* saikaiii.png */ = {isa = PBXFileReference; lastKnownFileType = image.png; path = saikaiii.png; sourceTree = "<group>"; };
		B6BADD9D19ED6E36007447E8 /* specials.jpg */ = {isa = PBXFileReference; lastKnownFileType = image.jpeg; path = specials.jpg; sourceTree = "<group>"; };
		B6BADD9F19EEA593007447E8 /* Game Over.mp3 */ = {isa = PBXFileReference; lastKnownFileType = audio.mp3; path = "Game Over.mp3"; sourceTree = "<group>"; };
		B6BADDA019EEA593007447E8 /* クリア.mp3 */ = {isa = PBXFileReference; lastKnownFileType = audio.mp3; path = "クリア.mp3"; sourceTree = "<group>"; };
		B6C7ABA71A56C0A2009CF339 /* gamefeat_bg_loading.png */ = {isa = PBXFileReference; lastKnownFileType = image.png; path = gamefeat_bg_loading.png; sourceTree = "<group>"; };
		B6C7ABA81A56C0A2009CF339 /* gamefeat_btn_back.png */ = {isa = PBXFileReference; lastKnownFileType = image.png; path = gamefeat_btn_back.png; sourceTree = "<group>"; };
		B6C7ABA91A56C0A2009CF339 /* gamefeat_btn_cancel.png */ = {isa = PBXFileReference; lastKnownFileType = image.png; path = gamefeat_btn_cancel.png; sourceTree = "<group>"; };
		B6C7ABAA1A56C0A2009CF339 /* gamefeat_btn_download.png */ = {isa = PBXFileReference; lastKnownFileType = image.png; path = gamefeat_btn_download.png; sourceTree = "<group>"; };
		B6C7ABAB1A56C0A2009CF339 /* gamefeat_btn_review.png */ = {isa = PBXFileReference; lastKnownFileType = image.png; path = gamefeat_btn_review.png; sourceTree = "<group>"; };
		B6C7ABAC1A56C0A2009CF339 /* gamefeat_btn_update.png */ = {isa = PBXFileReference; lastKnownFileType = image.png; path = gamefeat_btn_update.png; sourceTree = "<group>"; };
		B6C7ABAD1A56C0A2009CF339 /* gamefeat_error.html */ = {isa = PBXFileReference; fileEncoding = 4; lastKnownFileType = text.html; path = gamefeat_error.html; sourceTree = "<group>"; };
		B6C7ABAE1A56C0A2009CF339 /* gamefeat_icon_error.png */ = {isa = PBXFileReference; lastKnownFileType = image.png; path = gamefeat_icon_error.png; sourceTree = "<group>"; };
		B6C7ABAF1A56C0A2009CF339 /* gamefeat_popup_bg.png */ = {isa = PBXFileReference; lastKnownFileType = image.png; path = gamefeat_popup_bg.png; sourceTree = "<group>"; };
		B6C7ABB01A56C0A2009CF339 /* gamefeat_popup_bg_land.png */ = {isa = PBXFileReference; lastKnownFileType = image.png; path = gamefeat_popup_bg_land.png; sourceTree = "<group>"; };
		B6C7ABB11A56C0A2009CF339 /* gamefeat_popup_close.png */ = {isa = PBXFileReference; lastKnownFileType = image.png; path = gamefeat_popup_close.png; sourceTree = "<group>"; };
		B6C7ABB21A56C0A2009CF339 /* gamefeat_popup_close_land.png */ = {isa = PBXFileReference; lastKnownFileType = image.png; path = gamefeat_popup_close_land.png; sourceTree = "<group>"; };
		B6C7ABB31A56C0A2009CF339 /* gamefeat_popup_dl.png */ = {isa = PBXFileReference; lastKnownFileType = image.png; path = gamefeat_popup_dl.png; sourceTree = "<group>"; };
		B6C7ABB41A56C0A2009CF339 /* gamefeat_popup_dl_land.png */ = {isa = PBXFileReference; lastKnownFileType = image.png; path = gamefeat_popup_dl_land.png; sourceTree = "<group>"; };
		B6C7ABB51A56C0A2009CF339 /* gamefeat_style.css */ = {isa = PBXFileReference; fileEncoding = 4; lastKnownFileType = text.css; path = gamefeat_style.css; sourceTree = "<group>"; };
		B6C7ABC51A581214009CF339 /* Marbletime.xcscheme */ = {isa = PBXFileReference; fileEncoding = 4; lastKnownFileType = text.xml; name = Marbletime.xcscheme; path = Marbletime.xcodeproj/xcuserdata/taiki.xcuserdatad/xcschemes/Marbletime.xcscheme; sourceTree = "<group>"; };
		B6C7ABC61A581214009CF339 /* project.pbxproj */ = {isa = PBXFileReference; fileEncoding = 4; lastKnownFileType = text.pbxproject; name = project.pbxproj; path = Marbletime.xcodeproj/project.pbxproj; sourceTree = "<group>"; };
		D0CB65706B58191156D9D7E2 /* Pods.debug.xcconfig */ = {isa = PBXFileReference; includeInIndex = 1; lastKnownFileType = text.xcconfig; name = Pods.debug.xcconfig; path = "Pods/Target Support Files/Pods/Pods.debug.xcconfig"; sourceTree = "<group>"; };
/* End PBXFileReference section */

/* Begin PBXFrameworksBuildPhase section */
		B6A877F719E3D978009579A0 /* Frameworks */ = {
			isa = PBXFrameworksBuildPhase;
			buildActionMask = 2147483647;
			files = (
				B6AF9F041A73893A008F4BCD /* MessageUI.framework in Frameworks */,
				B6AF9F021A738922008F4BCD /* SystemConfiguration.framework in Frameworks */,
				B6AF9F001A738905008F4BCD /* AudioToolbox.framework in Frameworks */,
				B6AF9EFE1A7388AB008F4BCD /* CoreMotion.framework in Frameworks */,
				B6AF9EFC1A73887D008F4BCD /* Social.framework in Frameworks */,
				B6B960AA1A455B08007B98C5 /* CoreTelephony.framework in Frameworks */,
				B6AF9EFA1A738860008F4BCD /* SpriteKit.framework in Frameworks */,
				B6B960A71A455AEB007B98C5 /* StoreKit.framework in Frameworks */,
				B6B960A91A455AFA007B98C5 /* AdSupport.framework in Frameworks */,
				B6A8783919E3DCDF009579A0 /* AVFoundation.framework in Frameworks */,
				B6B9609A1A454F88007B98C5 /* GameFeatKit.framework in Frameworks */,
				B6A8780019E3D978009579A0 /* CoreGraphics.framework in Frameworks */,
				B6A8780219E3D978009579A0 /* UIKit.framework in Frameworks */,
				B6A877FE19E3D978009579A0 /* Foundation.framework in Frameworks */,
				D73405859EEF6ACF569E0B5A /* libPods.a in Frameworks */,
			);
			runOnlyForDeploymentPostprocessing = 0;
		};
		B6A8781819E3D978009579A0 /* Frameworks */ = {
			isa = PBXFrameworksBuildPhase;
			buildActionMask = 2147483647;
			files = (
				B6A8781D19E3D978009579A0 /* XCTest.framework in Frameworks */,
				B6A8781F19E3D978009579A0 /* UIKit.framework in Frameworks */,
				B6A8781E19E3D978009579A0 /* Foundation.framework in Frameworks */,
			);
			runOnlyForDeploymentPostprocessing = 0;
		};
/* End PBXFrameworksBuildPhase section */

/* Begin PBXGroup section */
		6B51113BB5541F1F465182D7 /* Pods */ = {
			isa = PBXGroup;
			children = (
				D0CB65706B58191156D9D7E2 /* Pods.debug.xcconfig */,
				89E51E934EEBDD144FDF315D /* Pods.release.xcconfig */,
			);
			name = Pods;
			sourceTree = "<group>";
		};
		B6A877F119E3D977009579A0 = {
			isa = PBXGroup;
			children = (
				B605BB381A2028FC002EC5E0 /* Images.xcassets */,
				B6A8780319E3D978009579A0 /* Marbletime */,
				B6A8782219E3D978009579A0 /* MarbletimeTests */,
				B6A877FC19E3D978009579A0 /* Frameworks */,
				B6A877FB19E3D978009579A0 /* Products */,
				B6C7ABC51A581214009CF339 /* Marbletime.xcscheme */,
				B6C7ABC61A581214009CF339 /* project.pbxproj */,
				6B51113BB5541F1F465182D7 /* Pods */,
			);
			sourceTree = "<group>";
		};
		B6A877FB19E3D978009579A0 /* Products */ = {
			isa = PBXGroup;
			children = (
				B6A877FA19E3D978009579A0 /* Marbletime.app */,
				B6A8781B19E3D978009579A0 /* MarbletimeTests.xctest */,
			);
			name = Products;
			sourceTree = "<group>";
		};
		B6A877FC19E3D978009579A0 /* Frameworks */ = {
			isa = PBXGroup;
			children = (
				B6AF9F031A73893A008F4BCD /* MessageUI.framework */,
				B6AF9F011A738922008F4BCD /* SystemConfiguration.framework */,
				B6AF9EFF1A738905008F4BCD /* AudioToolbox.framework */,
				B6AF9EFD1A7388AB008F4BCD /* CoreMotion.framework */,
				B6AF9EFB1A73887D008F4BCD /* Social.framework */,
				B6AF9EF91A738860008F4BCD /* SpriteKit.framework */,
				B6B960A81A455AFA007B98C5 /* AdSupport.framework */,
				B6B960A51A455897007B98C5 /* CoreTelephony.framework */,
				B6B960A31A455843007B98C5 /* StoreKit.framework */,
				B6B960991A454F88007B98C5 /* GameFeatKit.framework */,
				B6A8783819E3DCDF009579A0 /* AVFoundation.framework */,
				B6A877FD19E3D978009579A0 /* Foundation.framework */,
				B6A877FF19E3D978009579A0 /* CoreGraphics.framework */,
				B6A8780119E3D978009579A0 /* UIKit.framework */,
				B6A8781C19E3D978009579A0 /* XCTest.framework */,
				5AFE942A3694687DBC11CCE6 /* libPods.a */,
			);
			name = Frameworks;
			sourceTree = "<group>";
		};
		B6A8780319E3D978009579A0 /* Marbletime */ = {
			isa = PBXGroup;
			children = (
				B6BADDA319F23D6D007447E8 /* sound */,
				B6A8783219E3D9BF009579A0 /* image */,
				B6A8780C19E3D978009579A0 /* AppDelegate.h */,
				B6A8780D19E3D978009579A0 /* AppDelegate.m */,
				B605BB401A202AC5002EC5E0 /* Main.storyboard */,
				B663FE5D1A216B6800148F70 /* ipad.storyboard */,
				B605BB421A202AD3002EC5E0 /* Main4.storyboard */,
				B6A8781219E3D978009579A0 /* ViewController.h */,
				B6A8781319E3D978009579A0 /* ViewController.m */,
				B6A8783519E3DBE1009579A0 /* PlayGameViewController.h */,
				B6A8783619E3DBE1009579A0 /* PlayGameViewController.m */,
				B6C7ABA61A56C0A2009CF339 /* gamefeat */,
				B6B9609B1A45507D007B98C5 /* JSONKit-master */,
				B6A8780419E3D978009579A0 /* Supporting Files */,
			);
			path = Marbletime;
			sourceTree = "<group>";
		};
		B6A8780419E3D978009579A0 /* Supporting Files */ = {
			isa = PBXGroup;
			children = (
				B6A8780519E3D978009579A0 /* Marbletime-Info.plist */,
				B6A8780619E3D978009579A0 /* InfoPlist.strings */,
				B6A8780919E3D978009579A0 /* main.m */,
				B6A8780B19E3D978009579A0 /* Marbletime-Prefix.pch */,
			);
			name = "Supporting Files";
			sourceTree = "<group>";
		};
		B6A8782219E3D978009579A0 /* MarbletimeTests */ = {
			isa = PBXGroup;
			children = (
				B6A8782819E3D978009579A0 /* MarbletimeTests.m */,
				B6A8782319E3D978009579A0 /* Supporting Files */,
			);
			path = MarbletimeTests;
			sourceTree = "<group>";
		};
		B6A8782319E3D978009579A0 /* Supporting Files */ = {
			isa = PBXGroup;
			children = (
				B6A8782419E3D978009579A0 /* MarbletimeTests-Info.plist */,
				B6A8782519E3D978009579A0 /* InfoPlist.strings */,
			);
			name = "Supporting Files";
			sourceTree = "<group>";
		};
		B6A8783219E3D9BF009579A0 /* image */ = {
			isa = PBXGroup;
			children = (
				B663FE591A207EE400148F70 /* Default-568h@2x.png */,
				B663FE571A207D2700148F70 /* icon120.png */,
				B64DA0081A05FE89006CE056 /* gameover.png */,
				B64DA0041A05EBF7006CE056 /* gameclear.png */,
				B6BADD9D19ED6E36007447E8 /* specials.jpg */,
				B6BADD9319ED4117007447E8 /* house.png */,
				B6BADD9419ED4117007447E8 /* icon.png */,
				B6BADD9519ED4117007447E8 /* risuta-to.png */,
				B6BADD9619ED4117007447E8 /* saikaiii.png */,
				B6BADD6719ED04E9007447E8 /* desk.jpg */,
				B6BADD6819ED04E9007447E8 /* green_ball.png */,
				B6BADD6A19ED04E9007447E8 /* Level1.png */,
				B6BADD6B19ED04E9007447E8 /* Level2.png */,
				B6BADD6C19ED04E9007447E8 /* Level3.png */,
				B6BADD6D19ED04E9007447E8 /* Level4.png */,
				B6BADD6E19ED04E9007447E8 /* Level5.png */,
				B6BADD6F19ED04E9007447E8 /* Level6.png */,
				B6BADD7019ED04E9007447E8 /* Level7.png */,
				B6BADD7119ED04E9007447E8 /* Level8.png */,
				B6BADD7219ED04E9007447E8 /* Level9.png */,
				B6BADD7319ED04E9007447E8 /* main_bidama.png */,
				B6BADD7419ED04E9007447E8 /* top.png */,
				B6BADD6319ED04B3007447E8 /* ball.png */,
			);
			name = image;
			sourceTree = "<group>";
		};
		B6B9609B1A45507D007B98C5 /* JSONKit-master */ = {
			isa = PBXGroup;
			children = (
				B6B9609C1A45507D007B98C5 /* CHANGELOG.md */,
				B6B9609D1A45507D007B98C5 /* JSONKit.h */,
				B6B9609E1A45507D007B98C5 /* JSONKit.m */,
				B6B9609F1A45507D007B98C5 /* README.md */,
			);
			path = "JSONKit-master";
			sourceTree = "<group>";
		};
		B6BADDA319F23D6D007447E8 /* sound */ = {
			isa = PBXGroup;
			children = (
				B6BADD9F19EEA593007447E8 /* Game Over.mp3 */,
				B6BADDA019EEA593007447E8 /* クリア.mp3 */,
				B6BADD6519ED04CA007447E8 /* bidama.mp3 */,
				B6BADD6119ED04A1007447E8 /* audio.mp3 */,
			);
			name = sound;
			sourceTree = "<group>";
		};
		B6C7ABA61A56C0A2009CF339 /* gamefeat */ = {
			isa = PBXGroup;
			children = (
				B6C7ABA71A56C0A2009CF339 /* gamefeat_bg_loading.png */,
				B6C7ABA81A56C0A2009CF339 /* gamefeat_btn_back.png */,
				B6C7ABA91A56C0A2009CF339 /* gamefeat_btn_cancel.png */,
				B6C7ABAA1A56C0A2009CF339 /* gamefeat_btn_download.png */,
				B6C7ABAB1A56C0A2009CF339 /* gamefeat_btn_review.png */,
				B6C7ABAC1A56C0A2009CF339 /* gamefeat_btn_update.png */,
				B6C7ABAD1A56C0A2009CF339 /* gamefeat_error.html */,
				B6C7ABAE1A56C0A2009CF339 /* gamefeat_icon_error.png */,
				B6C7ABAF1A56C0A2009CF339 /* gamefeat_popup_bg.png */,
				B6C7ABB01A56C0A2009CF339 /* gamefeat_popup_bg_land.png */,
				B6C7ABB11A56C0A2009CF339 /* gamefeat_popup_close.png */,
				B6C7ABB21A56C0A2009CF339 /* gamefeat_popup_close_land.png */,
				B6C7ABB31A56C0A2009CF339 /* gamefeat_popup_dl.png */,
				B6C7ABB41A56C0A2009CF339 /* gamefeat_popup_dl_land.png */,
				B6C7ABB51A56C0A2009CF339 /* gamefeat_style.css */,
			);
			name = gamefeat;
			path = "../../../Downloads/GameFeatSDK_iOS_v3.3-2.1/gamefeat";
			sourceTree = "<group>";
		};
/* End PBXGroup section */

/* Begin PBXNativeTarget section */
		B6A877F919E3D978009579A0 /* Marbletime */ = {
			isa = PBXNativeTarget;
			buildConfigurationList = B6A8782C19E3D978009579A0 /* Build configuration list for PBXNativeTarget "Marbletime" */;
			buildPhases = (
				A59A6252236AD7A09FA8C2CA /* Check Pods Manifest.lock */,
				B6A877F619E3D978009579A0 /* Sources */,
				B6A877F719E3D978009579A0 /* Frameworks */,
				B6A877F819E3D978009579A0 /* Resources */,
				098F26B97F51910E7830FDE0 /* Copy Pods Resources */,
			);
			buildRules = (
			);
			dependencies = (
			);
			name = Marbletime;
			productName = Marbletime;
			productReference = B6A877FA19E3D978009579A0 /* Marbletime.app */;
			productType = "com.apple.product-type.application";
		};
		B6A8781A19E3D978009579A0 /* MarbletimeTests */ = {
			isa = PBXNativeTarget;
			buildConfigurationList = B6A8782F19E3D978009579A0 /* Build configuration list for PBXNativeTarget "MarbletimeTests" */;
			buildPhases = (
				B6A8781719E3D978009579A0 /* Sources */,
				B6A8781819E3D978009579A0 /* Frameworks */,
				B6A8781919E3D978009579A0 /* Resources */,
			);
			buildRules = (
			);
			dependencies = (
				B6A8782119E3D978009579A0 /* PBXTargetDependency */,
			);
			name = MarbletimeTests;
			productName = MarbletimeTests;
			productReference = B6A8781B19E3D978009579A0 /* MarbletimeTests.xctest */;
			productType = "com.apple.product-type.bundle.unit-test";
		};
/* End PBXNativeTarget section */

/* Begin PBXProject section */
		B6A877F219E3D978009579A0 /* Project object */ = {
			isa = PBXProject;
			attributes = {
				LastUpgradeCheck = 0610;
				ORGANIZATIONNAME = "大氣";
				TargetAttributes = {
					B6A877F919E3D978009579A0 = {
						DevelopmentTeam = EAJ5XMYFEV;
					};
					B6A8781A19E3D978009579A0 = {
						TestTargetID = B6A877F919E3D978009579A0;
					};
				};
			};
			buildConfigurationList = B6A877F519E3D978009579A0 /* Build configuration list for PBXProject "Marbletime" */;
			compatibilityVersion = "Xcode 3.2";
			developmentRegion = English;
			hasScannedForEncodings = 0;
			knownRegions = (
				en,
				Base,
			);
			mainGroup = B6A877F119E3D977009579A0;
			productRefGroup = B6A877FB19E3D978009579A0 /* Products */;
			projectDirPath = "";
			projectRoot = "";
			targets = (
				B6A877F919E3D978009579A0 /* Marbletime */,
				B6A8781A19E3D978009579A0 /* MarbletimeTests */,
			);
		};
/* End PBXProject section */

/* Begin PBXResourcesBuildPhase section */
		B6A877F819E3D978009579A0 /* Resources */ = {
			isa = PBXResourcesBuildPhase;
			buildActionMask = 2147483647;
			files = (
				B6BADD9E19ED6E36007447E8 /* specials.jpg in Resources */,
				B6C7ABBB1A56C0A2009CF339 /* gamefeat_btn_update.png in Resources */,
				B6C7ABBC1A56C0A2009CF339 /* gamefeat_error.html in Resources */,
				B6C7ABC31A56C0A2009CF339 /* gamefeat_popup_dl_land.png in Resources */,
				B6BADD7C19ED04E9007447E8 /* Level3.png in Resources */,
				B6BADD8319ED04E9007447E8 /* main_bidama.png in Resources */,
				B663FE581A207D2700148F70 /* icon120.png in Resources */,
				B6C7ABB61A56C0A2009CF339 /* gamefeat_bg_loading.png in Resources */,
				B6BADD6419ED04B3007447E8 /* ball.png in Resources */,
				B6C7ABBF1A56C0A2009CF339 /* gamefeat_popup_bg_land.png in Resources */,
				B6BADD8119ED04E9007447E8 /* Level8.png in Resources */,
				B6BADD7719ED04E9007447E8 /* desk.jpg in Resources */,
				B6BADD9A19ED4117007447E8 /* saikaiii.png in Resources */,
				B605BB411A202AC5002EC5E0 /* Main.storyboard in Resources */,
				B6BADD6619ED04CA007447E8 /* bidama.mp3 in Resources */,
				B6BADD8219ED04E9007447E8 /* Level9.png in Resources */,
				B6BADD7A19ED04E9007447E8 /* Level1.png in Resources */,
				B6BADD9919ED4117007447E8 /* risuta-to.png in Resources */,
				B6BADD7819ED04E9007447E8 /* green_ball.png in Resources */,
				B6C7ABC71A581214009CF339 /* Marbletime.xcscheme in Resources */,
				B6BADD6219ED04A1007447E8 /* audio.mp3 in Resources */,
				B6BADD7B19ED04E9007447E8 /* Level2.png in Resources */,
				B6BADD9719ED4117007447E8 /* house.png in Resources */,
				B64DA0091A05FE89006CE056 /* gameover.png in Resources */,
				B6C7ABC41A56C0A2009CF339 /* gamefeat_style.css in Resources */,
				B6C7ABBD1A56C0A2009CF339 /* gamefeat_icon_error.png in Resources */,
				B663FE5E1A216B6800148F70 /* ipad.storyboard in Resources */,
				B6C7ABC01A56C0A2009CF339 /* gamefeat_popup_close.png in Resources */,
				B6C7ABB91A56C0A2009CF339 /* gamefeat_btn_download.png in Resources */,
				B6C7ABB81A56C0A2009CF339 /* gamefeat_btn_cancel.png in Resources */,
				B605BB431A202AD3002EC5E0 /* Main4.storyboard in Resources */,
				B6C7ABC11A56C0A2009CF339 /* gamefeat_popup_close_land.png in Resources */,
				B6C7ABC81A581214009CF339 /* project.pbxproj in Resources */,
				B6C7ABB71A56C0A2009CF339 /* gamefeat_btn_back.png in Resources */,
				B6BADD7F19ED04E9007447E8 /* Level6.png in Resources */,
				B6C7ABBA1A56C0A2009CF339 /* gamefeat_btn_review.png in Resources */,
				B64DA0051A05EBF7006CE056 /* gameclear.png in Resources */,
				B6BADD8419ED04E9007447E8 /* top.png in Resources */,
				B6A8780819E3D978009579A0 /* InfoPlist.strings in Resources */,
				B663FE5A1A207EE400148F70 /* Default-568h@2x.png in Resources */,
				B6BADDA219EEA593007447E8 /* クリア.mp3 in Resources */,
				B6BADDA119EEA593007447E8 /* Game Over.mp3 in Resources */,
				B6C7ABBE1A56C0A2009CF339 /* gamefeat_popup_bg.png in Resources */,
				B6BADD7E19ED04E9007447E8 /* Level5.png in Resources */,
				B6BADD8019ED04E9007447E8 /* Level7.png in Resources */,
				B6C7ABC21A56C0A2009CF339 /* gamefeat_popup_dl.png in Resources */,
				B6BADD7D19ED04E9007447E8 /* Level4.png in Resources */,
			);
			runOnlyForDeploymentPostprocessing = 0;
		};
		B6A8781919E3D978009579A0 /* Resources */ = {
			isa = PBXResourcesBuildPhase;
			buildActionMask = 2147483647;
			files = (
				B6A8782719E3D978009579A0 /* InfoPlist.strings in Resources */,
			);
			runOnlyForDeploymentPostprocessing = 0;
		};
/* End PBXResourcesBuildPhase section */

/* Begin PBXShellScriptBuildPhase section */
		098F26B97F51910E7830FDE0 /* Copy Pods Resources */ = {
			isa = PBXShellScriptBuildPhase;
			buildActionMask = 2147483647;
			files = (
			);
			inputPaths = (
			);
			name = "Copy Pods Resources";
			outputPaths = (
			);
			runOnlyForDeploymentPostprocessing = 0;
			shellPath = /bin/sh;
			shellScript = "\"${SRCROOT}/Pods/Target Support Files/Pods/Pods-resources.sh\"\n";
			showEnvVarsInLog = 0;
		};
		A59A6252236AD7A09FA8C2CA /* Check Pods Manifest.lock */ = {
			isa = PBXShellScriptBuildPhase;
			buildActionMask = 2147483647;
			files = (
			);
			inputPaths = (
			);
			name = "Check Pods Manifest.lock";
			outputPaths = (
			);
			runOnlyForDeploymentPostprocessing = 0;
			shellPath = /bin/sh;
			shellScript = "diff \"${PODS_ROOT}/../Podfile.lock\" \"${PODS_ROOT}/Manifest.lock\" > /dev/null\nif [[ $? != 0 ]] ; then\n    cat << EOM\nerror: The sandbox is not in sync with the Podfile.lock. Run 'pod install' or update your CocoaPods installation.\nEOM\n    exit 1\nfi\n";
			showEnvVarsInLog = 0;
		};
/* End PBXShellScriptBuildPhase section */

/* Begin PBXSourcesBuildPhase section */
		B6A877F619E3D978009579A0 /* Sources */ = {
			isa = PBXSourcesBuildPhase;
			buildActionMask = 2147483647;
			files = (
				B6A8781419E3D978009579A0 /* ViewController.m in Sources */,
				B6B960A01A45507D007B98C5 /* CHANGELOG.md in Sources */,
				B6B960A11A45507D007B98C5 /* JSONKit.m in Sources */,
				B6B960A21A45507D007B98C5 /* README.md in Sources */,
				B6A8780E19E3D978009579A0 /* AppDelegate.m in Sources */,
				B6A8783719E3DBE1009579A0 /* PlayGameViewController.m in Sources */,
				B6A8780A19E3D978009579A0 /* main.m in Sources */,
			);
			runOnlyForDeploymentPostprocessing = 0;
		};
		B6A8781719E3D978009579A0 /* Sources */ = {
			isa = PBXSourcesBuildPhase;
			buildActionMask = 2147483647;
			files = (
				B6A8782919E3D978009579A0 /* MarbletimeTests.m in Sources */,
			);
			runOnlyForDeploymentPostprocessing = 0;
		};
/* End PBXSourcesBuildPhase section */

/* Begin PBXTargetDependency section */
		B6A8782119E3D978009579A0 /* PBXTargetDependency */ = {
			isa = PBXTargetDependency;
			target = B6A877F919E3D978009579A0 /* Marbletime */;
			targetProxy = B6A8782019E3D978009579A0 /* PBXContainerItemProxy */;
		};
/* End PBXTargetDependency section */

/* Begin PBXVariantGroup section */
		B6A8780619E3D978009579A0 /* InfoPlist.strings */ = {
			isa = PBXVariantGroup;
			children = (
				B6A8780719E3D978009579A0 /* en */,
			);
			name = InfoPlist.strings;
			sourceTree = "<group>";
		};
		B6A8782519E3D978009579A0 /* InfoPlist.strings */ = {
			isa = PBXVariantGroup;
			children = (
				B6A8782619E3D978009579A0 /* en */,
			);
			name = InfoPlist.strings;
			sourceTree = "<group>";
		};
/* End PBXVariantGroup section */

/* Begin XCBuildConfiguration section */
		B6A8782A19E3D978009579A0 /* Debug */ = {
			isa = XCBuildConfiguration;
			buildSettings = {
				ALWAYS_SEARCH_USER_PATHS = NO;
				CLANG_CXX_LANGUAGE_STANDARD = "gnu++0x";
				CLANG_CXX_LIBRARY = "libc++";
				CLANG_ENABLE_MODULES = YES;
				CLANG_ENABLE_OBJC_ARC = YES;
				CLANG_WARN_BOOL_CONVERSION = YES;
				CLANG_WARN_CONSTANT_CONVERSION = YES;
				CLANG_WARN_DIRECT_OBJC_ISA_USAGE = YES_ERROR;
				CLANG_WARN_EMPTY_BODY = YES;
				CLANG_WARN_ENUM_CONVERSION = YES;
				CLANG_WARN_INT_CONVERSION = YES;
				CLANG_WARN_OBJC_ROOT_CLASS = YES_ERROR;
				CLANG_WARN__DUPLICATE_METHOD_MATCH = YES;
				CODE_SIGN_IDENTITY = "iOS Distribution: Rika Mizuno";
				"CODE_SIGN_IDENTITY[sdk=iphoneos*]" = "iOS Distribution: Rika Mizuno";
				COPY_PHASE_STRIP = NO;
				GCC_C_LANGUAGE_STANDARD = gnu99;
				GCC_DYNAMIC_NO_PIC = NO;
				GCC_OPTIMIZATION_LEVEL = 0;
				GCC_PREPROCESSOR_DEFINITIONS = (
					"DEBUG=1",
					"$(inherited)",
				);
				GCC_SYMBOLS_PRIVATE_EXTERN = NO;
				GCC_WARN_64_TO_32_BIT_CONVERSION = YES;
				GCC_WARN_ABOUT_RETURN_TYPE = YES_ERROR;
				GCC_WARN_UNDECLARED_SELECTOR = YES;
				GCC_WARN_UNINITIALIZED_AUTOS = YES_AGGRESSIVE;
				GCC_WARN_UNUSED_FUNCTION = YES;
				GCC_WARN_UNUSED_VARIABLE = YES;
				IPHONEOS_DEPLOYMENT_TARGET = 7.0;
				ONLY_ACTIVE_ARCH = YES;
				PROVISIONING_PROFILE = "9f964c91-9c8c-41fa-af10-c9be7c8f7d8b";
				SDKROOT = iphoneos;
			};
			name = Debug;
		};
		B6A8782B19E3D978009579A0 /* Release */ = {
			isa = XCBuildConfiguration;
			buildSettings = {
				ALWAYS_SEARCH_USER_PATHS = NO;
				CLANG_CXX_LANGUAGE_STANDARD = "gnu++0x";
				CLANG_CXX_LIBRARY = "libc++";
				CLANG_ENABLE_MODULES = YES;
				CLANG_ENABLE_OBJC_ARC = YES;
				CLANG_WARN_BOOL_CONVERSION = YES;
				CLANG_WARN_CONSTANT_CONVERSION = YES;
				CLANG_WARN_DIRECT_OBJC_ISA_USAGE = YES_ERROR;
				CLANG_WARN_EMPTY_BODY = YES;
				CLANG_WARN_ENUM_CONVERSION = YES;
				CLANG_WARN_INT_CONVERSION = YES;
				CLANG_WARN_OBJC_ROOT_CLASS = YES_ERROR;
				CLANG_WARN__DUPLICATE_METHOD_MATCH = YES;
				CODE_SIGN_IDENTITY = "iOS Distribution: Rika Mizuno";
				"CODE_SIGN_IDENTITY[sdk=iphoneos*]" = "iOS Distribution: Rika Mizuno";
				COPY_PHASE_STRIP = YES;
				ENABLE_NS_ASSERTIONS = NO;
				GCC_C_LANGUAGE_STANDARD = gnu99;
				GCC_WARN_64_TO_32_BIT_CONVERSION = YES;
				GCC_WARN_ABOUT_RETURN_TYPE = YES_ERROR;
				GCC_WARN_UNDECLARED_SELECTOR = YES;
				GCC_WARN_UNINITIALIZED_AUTOS = YES_AGGRESSIVE;
				GCC_WARN_UNUSED_FUNCTION = YES;
				GCC_WARN_UNUSED_VARIABLE = YES;
				IPHONEOS_DEPLOYMENT_TARGET = 7.0;
				ONLY_ACTIVE_ARCH = YES;
				PROVISIONING_PROFILE = "9f964c91-9c8c-41fa-af10-c9be7c8f7d8b";
				SDKROOT = iphoneos;
				VALIDATE_PRODUCT = YES;
			};
			name = Release;
		};
		B6A8782D19E3D978009579A0 /* Debug */ = {
			isa = XCBuildConfiguration;
			baseConfigurationReference = D0CB65706B58191156D9D7E2 /* Pods.debug.xcconfig */;
			buildSettings = {
				ASSETCATALOG_COMPILER_APPICON_NAME = AppIcon;
				CODE_SIGN_IDENTITY = "iOS Distribution: Rika Mizuno";
				"CODE_SIGN_IDENTITY[sdk=iphoneos*]" = "iOS Distribution: Rika Mizuno";
				FRAMEWORK_SEARCH_PATHS = (
					"$(inherited)",
					"$(PROJECT_DIR)",
				);
				GCC_PRECOMPILE_PREFIX_HEADER = YES;
				GCC_PREFIX_HEADER = "Marbletime/Marbletime-Prefix.pch";
				INFOPLIST_FILE = "Marbletime/Marbletime-Info.plist";
				IPHONEOS_DEPLOYMENT_TARGET = 6.1;
				PRODUCT_NAME = "$(TARGET_NAME)";
				PROVISIONING_PROFILE = "9f964c91-9c8c-41fa-af10-c9be7c8f7d8b";
				TARGETED_DEVICE_FAMILY = 1;
				WRAPPER_EXTENSION = app;
			};
			name = Debug;
		};
		B6A8782E19E3D978009579A0 /* Release */ = {
			isa = XCBuildConfiguration;
			baseConfigurationReference = 89E51E934EEBDD144FDF315D /* Pods.release.xcconfig */;
			buildSettings = {
				ASSETCATALOG_COMPILER_APPICON_NAME = AppIcon;
				CODE_SIGN_IDENTITY = "iPhone Developer";
				"CODE_SIGN_IDENTITY[sdk=iphoneos*]" = "iOS Distribution: Rika Mizuno";
				FRAMEWORK_SEARCH_PATHS = (
					"$(inherited)",
					"$(PROJECT_DIR)",
				);
				GCC_PRECOMPILE_PREFIX_HEADER = YES;
				GCC_PREFIX_HEADER = "Marbletime/Marbletime-Prefix.pch";
				INFOPLIST_FILE = "Marbletime/Marbletime-Info.plist";
				IPHONEOS_DEPLOYMENT_TARGET = 6.1;
				PRODUCT_NAME = "$(TARGET_NAME)";
				PROVISIONING_PROFILE = "9f964c91-9c8c-41fa-af10-c9be7c8f7d8b";
				TARGETED_DEVICE_FAMILY = 1;
				WRAPPER_EXTENSION = app;
			};
			name = Release;
		};
		B6A8783019E3D978009579A0 /* Debug */ = {
			isa = XCBuildConfiguration;
			buildSettings = {
				BUNDLE_LOADER = "$(BUILT_PRODUCTS_DIR)/Marbletime.app/Marbletime";
				FRAMEWORK_SEARCH_PATHS = (
					"$(SDKROOT)/Developer/Library/Frameworks",
					"$(inherited)",
					"$(DEVELOPER_FRAMEWORKS_DIR)",
				);
				GCC_PRECOMPILE_PREFIX_HEADER = YES;
				GCC_PREFIX_HEADER = "Marbletime/Marbletime-Prefix.pch";
				GCC_PREPROCESSOR_DEFINITIONS = (
					"DEBUG=1",
					"$(inherited)",
				);
				INFOPLIST_FILE = "MarbletimeTests/MarbletimeTests-Info.plist";
				PRODUCT_NAME = "$(TARGET_NAME)";
				TEST_HOST = "$(BUNDLE_LOADER)";
				WRAPPER_EXTENSION = xctest;
			};
			name = Debug;
		};
		B6A8783119E3D978009579A0 /* Release */ = {
			isa = XCBuildConfiguration;
			buildSettings = {
				BUNDLE_LOADER = "$(BUILT_PRODUCTS_DIR)/Marbletime.app/Marbletime";
				FRAMEWORK_SEARCH_PATHS = (
					"$(SDKROOT)/Developer/Library/Frameworks",
					"$(inherited)",
					"$(DEVELOPER_FRAMEWORKS_DIR)",
				);
				GCC_PRECOMPILE_PREFIX_HEADER = YES;
				GCC_PREFIX_HEADER = "Marbletime/Marbletime-Prefix.pch";
				INFOPLIST_FILE = "MarbletimeTests/MarbletimeTests-Info.plist";
				PRODUCT_NAME = "$(TARGET_NAME)";
				TEST_HOST = "$(BUNDLE_LOADER)";
				WRAPPER_EXTENSION = xctest;
			};
			name = Release;
		};
/* End XCBuildConfiguration section */

/* Begin XCConfigurationList section */
		B6A877F519E3D978009579A0 /* Build configuration list for PBXProject "Marbletime" */ = {
			isa = XCConfigurationList;
			buildConfigurations = (
				B6A8782A19E3D978009579A0 /* Debug */,
				B6A8782B19E3D978009579A0 /* Release */,
			);
			defaultConfigurationIsVisible = 0;
			defaultConfigurationName = Release;
		};
		B6A8782C19E3D978009579A0 /* Build configuration list for PBXNativeTarget "Marbletime" */ = {
			isa = XCConfigurationList;
			buildConfigurations = (
				B6A8782D19E3D978009579A0 /* Debug */,
				B6A8782E19E3D978009579A0 /* Release */,
			);
			defaultConfigurationIsVisible = 0;
			defaultConfigurationName = Release;
		};
		B6A8782F19E3D978009579A0 /* Build configuration list for PBXNativeTarget "MarbletimeTests" */ = {
			isa = XCConfigurationList;
			buildConfigurations = (
				B6A8783019E3D978009579A0 /* Debug */,
				B6A8783119E3D978009579A0 /* Release */,
			);
			defaultConfigurationIsVisible = 0;
			defaultConfigurationName = Release;
		};
/* End XCConfigurationList section */
	};
	rootObject = B6A877F219E3D978009579A0 /* Project object */;
}
